
Microsoft Visual Studio Solution File, Format Version 12.00
# Visual Studio Version 17
VisualStudioVersion = 17.0.32112.339
MinimumVisualStudioVersion = 10.0.40219.1
Project("{2150E333-8FDC-42A3-9474-1A3956D46DE8}") = "010 Repository", "010 Repository", "{057D3B86-C51A-4939-A506-05840FCC32EA}"
EndProject
Project("{2150E333-8FDC-42A3-9474-1A3956D46DE8}") = "020 API", "020 API", "{54FCF598-4B06-4F40-820E-FF9A60346747}"
EndProject
Project("{2150E333-8FDC-42A3-9474-1A3956D46DE8}") = "040 Domain", "040 Domain", "{EC5E6923-3455-4A86-BD52-1A8BA436B1A7}"
EndProject
Project("{2150E333-8FDC-42A3-9474-1A3956D46DE8}") = "050 API Infrastructure", "050 API Infrastructure", "{4138CD99-F0DC-4834-9277-F5F9EF1858B8}"
EndProject
Project("{2150E333-8FDC-42A3-9474-1A3956D46DE8}") = "060 Administration", "060 Administration", "{6A69787D-78CB-4E64-916F-ED755D2A28F8}"
EndProject
Project("{2150E333-8FDC-42A3-9474-1A3956D46DE8}") = "100 Integration Tests", "100 Integration Tests", "{52FCFF63-690B-458B-BB22-E27CA901A859}"
EndProject
Project("{2150E333-8FDC-42A3-9474-1A3956D46DE8}") = "Solution Items", "Solution Items", "{339A59FD-D80F-41E3-9799-8D7591C2E95E}"
	ProjectSection(SolutionItems) = preProject
		.dockerignore = .dockerignore
		docker-compose.IntegrationTests.yml = docker-compose.IntegrationTests.yml
		docker-compose.UnitTests.yml = docker-compose.UnitTests.yml
		Dockerfile = Dockerfile
		Dockerfile.integration-tests = Dockerfile.integration-tests
		Dockerfile.unit-tests = Dockerfile.unit-tests
		run-integration-tests.ps1 = run-integration-tests.ps1
		run-unit-tests.ps1 = run-unit-tests.ps1
		supervisord.conf = supervisord.conf
	EndProjectSection
EndProject
Project("{9A19103F-16F7-4668-BE54-9A1E7A4F7556}") = "CDR.DataHolder.Repository", "CDR.DataHolder.Repository\CDR.DataHolder.Repository.csproj", "{728574E7-71A6-40A7-8292-F805D8247A94}"
EndProject
Project("{9A19103F-16F7-4668-BE54-9A1E7A4F7556}") = "CDR.DataHolder.Manage.API", "CDR.DataHolder.Manage.API\CDR.DataHolder.Manage.API.csproj", "{63034AB1-423D-4CB8-882E-338758DC145C}"
EndProject
Project("{9A19103F-16F7-4668-BE54-9A1E7A4F7556}") = "CDR.DataHolder.Domain", "CDR.DataHolder.Domain\CDR.DataHolder.Domain.csproj", "{E135DBD0-5E24-4AD7-93DB-753C1E5D758E}"
EndProject
Project("{9A19103F-16F7-4668-BE54-9A1E7A4F7556}") = "CDR.DataHolder.API.Infrastructure", "CDR.DataHolder.API.Infrastructure\CDR.DataHolder.API.Infrastructure.csproj", "{9B27B4C4-DB64-42FE-86ED-5AE3689742DC}"
EndProject
Project("{2150E333-8FDC-42A3-9474-1A3956D46DE8}") = "Unit Tests", "Unit Tests", "{3FCA902C-521F-4634-9DC0-9D75ABDE55C5}"
EndProject
Project("{9A19103F-16F7-4668-BE54-9A1E7A4F7556}") = "CDR.DataHolder.Admin.API", "CDR.DataHolder.Admin.API\CDR.DataHolder.Admin.API.csproj", "{F2F11E08-A7E0-4282-B993-C4053092C3F7}"
EndProject
Project("{9A19103F-16F7-4668-BE54-9A1E7A4F7556}") = "CDR.DataHolder.Public.API", "CDR.DataHolder.Public.API\CDR.DataHolder.Public.API.csproj", "{F8E08818-29D7-4F20-BFA0-16C8FBCC1035}"
EndProject
Project("{9A19103F-16F7-4668-BE54-9A1E7A4F7556}") = "CDR.DataHolder.Resource.API", "CDR.DataHolder.Resource.API\CDR.DataHolder.Resource.API.csproj", "{291D6434-F9A8-4275-8440-EE9F35F2AA52}"
EndProject
Project("{9A19103F-16F7-4668-BE54-9A1E7A4F7556}") = "CDR.DataHolder.API.Gateway.mTLS", "CDR.DataHolder.API.Gateway.mTLS\CDR.DataHolder.API.Gateway.mTLS.csproj", "{B8C405E5-D8F3-432A-B290-A3C417CCD731}"
EndProject
Project("{9A19103F-16F7-4668-BE54-9A1E7A4F7556}") = "CDR.DataHolder.IntegrationTests", "CDR.DataHolder.IntegrationTests\CDR.DataHolder.IntegrationTests.csproj", "{7CE40954-0702-456D-8A44-BDFC294442C8}"
EndProject
Project("{9A19103F-16F7-4668-BE54-9A1E7A4F7556}") = "CDR.DataHolder.API.Infrastructure.UnitTests", "CDR.DataHolder.API.Infrastructure.UnitTests\CDR.DataHolder.API.Infrastructure.UnitTests.csproj", "{415CBC4D-1D03-48DF-990D-9131A1B26CCE}"
EndProject
Project("{9A19103F-16F7-4668-BE54-9A1E7A4F7556}") = "CDR.DataHolder.Resource.API.UnitTests", "CDR.DataHolder.Resource.API.UnitTests\CDR.DataHolder.Resource.API.UnitTests.csproj", "{97F4558A-39C5-4FD4-957F-DD501806FCFB}"
EndProject
Project("{9A19103F-16F7-4668-BE54-9A1E7A4F7556}") = "CDR.DataHolder.API.Logger", "CDR.DataHolder.API.Logger\CDR.DataHolder.API.Logger.csproj", "{8A1B8640-E4F2-4800-8239-BD1528BB15AA}"
EndProject
Global
	GlobalSection(SolutionConfigurationPlatforms) = preSolution
		Debug|Any CPU = Debug|Any CPU
		Release|Any CPU = Release|Any CPU
	EndGlobalSection
	GlobalSection(ProjectConfigurationPlatforms) = postSolution
		{728574E7-71A6-40A7-8292-F805D8247A94}.Debug|Any CPU.ActiveCfg = Debug|Any CPU
		{728574E7-71A6-40A7-8292-F805D8247A94}.Debug|Any CPU.Build.0 = Debug|Any CPU
		{728574E7-71A6-40A7-8292-F805D8247A94}.Release|Any CPU.ActiveCfg = Release|Any CPU
		{728574E7-71A6-40A7-8292-F805D8247A94}.Release|Any CPU.Build.0 = Release|Any CPU
		{63034AB1-423D-4CB8-882E-338758DC145C}.Debug|Any CPU.ActiveCfg = Debug|Any CPU
		{63034AB1-423D-4CB8-882E-338758DC145C}.Debug|Any CPU.Build.0 = Debug|Any CPU
		{63034AB1-423D-4CB8-882E-338758DC145C}.Release|Any CPU.ActiveCfg = Release|Any CPU
		{63034AB1-423D-4CB8-882E-338758DC145C}.Release|Any CPU.Build.0 = Release|Any CPU
		{E135DBD0-5E24-4AD7-93DB-753C1E5D758E}.Debug|Any CPU.ActiveCfg = Debug|Any CPU
		{E135DBD0-5E24-4AD7-93DB-753C1E5D758E}.Debug|Any CPU.Build.0 = Debug|Any CPU
		{E135DBD0-5E24-4AD7-93DB-753C1E5D758E}.Release|Any CPU.ActiveCfg = Release|Any CPU
		{E135DBD0-5E24-4AD7-93DB-753C1E5D758E}.Release|Any CPU.Build.0 = Release|Any CPU
		{9B27B4C4-DB64-42FE-86ED-5AE3689742DC}.Debug|Any CPU.ActiveCfg = Debug|Any CPU
		{9B27B4C4-DB64-42FE-86ED-5AE3689742DC}.Debug|Any CPU.Build.0 = Debug|Any CPU
		{9B27B4C4-DB64-42FE-86ED-5AE3689742DC}.Release|Any CPU.ActiveCfg = Release|Any CPU
		{9B27B4C4-DB64-42FE-86ED-5AE3689742DC}.Release|Any CPU.Build.0 = Release|Any CPU
		{F2F11E08-A7E0-4282-B993-C4053092C3F7}.Debug|Any CPU.ActiveCfg = Debug|Any CPU
		{F2F11E08-A7E0-4282-B993-C4053092C3F7}.Debug|Any CPU.Build.0 = Debug|Any CPU
		{F2F11E08-A7E0-4282-B993-C4053092C3F7}.Release|Any CPU.ActiveCfg = Release|Any CPU
		{F2F11E08-A7E0-4282-B993-C4053092C3F7}.Release|Any CPU.Build.0 = Release|Any CPU
		{F8E08818-29D7-4F20-BFA0-16C8FBCC1035}.Debug|Any CPU.ActiveCfg = Debug|Any CPU
		{F8E08818-29D7-4F20-BFA0-16C8FBCC1035}.Debug|Any CPU.Build.0 = Debug|Any CPU
		{F8E08818-29D7-4F20-BFA0-16C8FBCC1035}.Release|Any CPU.ActiveCfg = Release|Any CPU
		{F8E08818-29D7-4F20-BFA0-16C8FBCC1035}.Release|Any CPU.Build.0 = Release|Any CPU
		{291D6434-F9A8-4275-8440-EE9F35F2AA52}.Debug|Any CPU.ActiveCfg = Debug|Any CPU
		{291D6434-F9A8-4275-8440-EE9F35F2AA52}.Debug|Any CPU.Build.0 = Debug|Any CPU
		{291D6434-F9A8-4275-8440-EE9F35F2AA52}.Release|Any CPU.ActiveCfg = Release|Any CPU
		{291D6434-F9A8-4275-8440-EE9F35F2AA52}.Release|Any CPU.Build.0 = Release|Any CPU
		{B8C405E5-D8F3-432A-B290-A3C417CCD731}.Debug|Any CPU.ActiveCfg = Debug|Any CPU
		{B8C405E5-D8F3-432A-B290-A3C417CCD731}.Debug|Any CPU.Build.0 = Debug|Any CPU
		{B8C405E5-D8F3-432A-B290-A3C417CCD731}.Release|Any CPU.ActiveCfg = Release|Any CPU
		{B8C405E5-D8F3-432A-B290-A3C417CCD731}.Release|Any CPU.Build.0 = Release|Any CPU
		{7CE40954-0702-456D-8A44-BDFC294442C8}.Debug|Any CPU.ActiveCfg = Debug|Any CPU
		{7CE40954-0702-456D-8A44-BDFC294442C8}.Debug|Any CPU.Build.0 = Debug|Any CPU
		{7CE40954-0702-456D-8A44-BDFC294442C8}.Release|Any CPU.ActiveCfg = Release|Any CPU
		{7CE40954-0702-456D-8A44-BDFC294442C8}.Release|Any CPU.Build.0 = Release|Any CPU
		{415CBC4D-1D03-48DF-990D-9131A1B26CCE}.Debug|Any CPU.ActiveCfg = Debug|Any CPU
		{415CBC4D-1D03-48DF-990D-9131A1B26CCE}.Debug|Any CPU.Build.0 = Debug|Any CPU
		{415CBC4D-1D03-48DF-990D-9131A1B26CCE}.Release|Any CPU.ActiveCfg = Release|Any CPU
		{415CBC4D-1D03-48DF-990D-9131A1B26CCE}.Release|Any CPU.Build.0 = Release|Any CPU
		{97F4558A-39C5-4FD4-957F-DD501806FCFB}.Debug|Any CPU.ActiveCfg = Debug|Any CPU
		{97F4558A-39C5-4FD4-957F-DD501806FCFB}.Debug|Any CPU.Build.0 = Debug|Any CPU
		{97F4558A-39C5-4FD4-957F-DD501806FCFB}.Release|Any CPU.ActiveCfg = Release|Any CPU
		{97F4558A-39C5-4FD4-957F-DD501806FCFB}.Release|Any CPU.Build.0 = Release|Any CPU
		{8A1B8640-E4F2-4800-8239-BD1528BB15AA}.Debug|Any CPU.ActiveCfg = Debug|Any CPU
		{8A1B8640-E4F2-4800-8239-BD1528BB15AA}.Debug|Any CPU.Build.0 = Debug|Any CPU
		{8A1B8640-E4F2-4800-8239-BD1528BB15AA}.Release|Any CPU.ActiveCfg = Release|Any CPU
		{8A1B8640-E4F2-4800-8239-BD1528BB15AA}.Release|Any CPU.Build.0 = Release|Any CPU
	EndGlobalSection
	GlobalSection(SolutionProperties) = preSolution
		HideSolutionNode = FALSE
	EndGlobalSection
	GlobalSection(NestedProjects) = preSolution
		{728574E7-71A6-40A7-8292-F805D8247A94} = {057D3B86-C51A-4939-A506-05840FCC32EA}
		{63034AB1-423D-4CB8-882E-338758DC145C} = {6A69787D-78CB-4E64-916F-ED755D2A28F8}
		{E135DBD0-5E24-4AD7-93DB-753C1E5D758E} = {EC5E6923-3455-4A86-BD52-1A8BA436B1A7}
		{9B27B4C4-DB64-42FE-86ED-5AE3689742DC} = {4138CD99-F0DC-4834-9277-F5F9EF1858B8}
		{3FCA902C-521F-4634-9DC0-9D75ABDE55C5} = {54FCF598-4B06-4F40-820E-FF9A60346747}
		{F2F11E08-A7E0-4282-B993-C4053092C3F7} = {54FCF598-4B06-4F40-820E-FF9A60346747}
		{F8E08818-29D7-4F20-BFA0-16C8FBCC1035} = {54FCF598-4B06-4F40-820E-FF9A60346747}
		{291D6434-F9A8-4275-8440-EE9F35F2AA52} = {54FCF598-4B06-4F40-820E-FF9A60346747}
		{B8C405E5-D8F3-432A-B290-A3C417CCD731} = {4138CD99-F0DC-4834-9277-F5F9EF1858B8}
		{7CE40954-0702-456D-8A44-BDFC294442C8} = {52FCFF63-690B-458B-BB22-E27CA901A859}
		{415CBC4D-1D03-48DF-990D-9131A1B26CCE} = {4138CD99-F0DC-4834-9277-F5F9EF1858B8}
		{97F4558A-39C5-4FD4-957F-DD501806FCFB} = {3FCA902C-521F-4634-9DC0-9D75ABDE55C5}
		{8A1B8640-E4F2-4800-8239-BD1528BB15AA} = {4138CD99-F0DC-4834-9277-F5F9EF1858B8}
	EndGlobalSection
	GlobalSection(ExtensibilityGlobals) = postSolution
		SolutionGuid = {23C8BB22-2F34-4A7F-AA09-33AD01E0D3A9}
	EndGlobalSection
EndGlobal
